// !$*UTF8*$!
{
	archiveVersion = 1;
	classes = {
	};
	objectVersion = 46;
	objects = {

/* Begin PBXBuildFile section */
		180980001C8EADF900DFCCC5 /* main.m in Sources */ = {isa = PBXBuildFile; fileRef = 18097FFF1C8EADF900DFCCC5 /* main.m */; };
		180980031C8EADF900DFCCC5 /* AppDelegate.m in Sources */ = {isa = PBXBuildFile; fileRef = 180980021C8EADF900DFCCC5 /* AppDelegate.m */; };
		180980061C8EADF900DFCCC5 /* ViewController.m in Sources */ = {isa = PBXBuildFile; fileRef = 180980051C8EADF900DFCCC5 /* ViewController.m */; };
		180980091C8EADF900DFCCC5 /* Main.storyboard in Resources */ = {isa = PBXBuildFile; fileRef = 180980071C8EADF900DFCCC5 /* Main.storyboard */; };
		1809800B1C8EADF900DFCCC5 /* Assets.xcassets in Resources */ = {isa = PBXBuildFile; fileRef = 1809800A1C8EADF900DFCCC5 /* Assets.xcassets */; };
		1809800E1C8EADF900DFCCC5 /* LaunchScreen.storyboard in Resources */ = {isa = PBXBuildFile; fileRef = 1809800C1C8EADF900DFCCC5 /* LaunchScreen.storyboard */; };
		180980191C8EADFA00DFCCC5 /* DrawingTests.m in Sources */ = {isa = PBXBuildFile; fileRef = 180980181C8EADFA00DFCCC5 /* DrawingTests.m */; };
		180980241C8EADFA00DFCCC5 /* DrawingUITests.m in Sources */ = {isa = PBXBuildFile; fileRef = 180980231C8EADFA00DFCCC5 /* DrawingUITests.m */; };
		180980351C8EB06000DFCCC5 /* QuartzCore.framework in Frameworks */ = {isa = PBXBuildFile; fileRef = 180980341C8EB05F00DFCCC5 /* QuartzCore.framework */; };
		180980371C8EB06D00DFCCC5 /* CoreGraphics.framework in Frameworks */ = {isa = PBXBuildFile; fileRef = 180980361C8EB06D00DFCCC5 /* CoreGraphics.framework */; };
		1809803C1C8EC38F00DFCCC5 /* Line.m in Sources */ = {isa = PBXBuildFile; fileRef = 180980391C8EC38F00DFCCC5 /* Line.m */; };
		1809803D1C8EC38F00DFCCC5 /* TouchDrawView.m in Sources */ = {isa = PBXBuildFile; fileRef = 1809803B1C8EC38F00DFCCC5 /* TouchDrawView.m */; };
		180980441C8ECBDF00DFCCC5 /* imageviewcontroller.m in Sources */ = {isa = PBXBuildFile; fileRef = 180980421C8ECBDF00DFCCC5 /* imageviewcontroller.m */; };
		180980451C8ECBDF00DFCCC5 /* imageviewcontroller.xib in Resources */ = {isa = PBXBuildFile; fileRef = 180980431C8ECBDF00DFCCC5 /* imageviewcontroller.xib */; };
/* End PBXBuildFile section */

/* Begin PBXContainerItemProxy section */
		180980151C8EADFA00DFCCC5 /* PBXContainerItemProxy */ = {
			isa = PBXContainerItemProxy;
			containerPortal = 18097FF31C8EADF900DFCCC5 /* Project object */;
			proxyType = 1;
			remoteGlobalIDString = 18097FFA1C8EADF900DFCCC5;
			remoteInfo = Drawing;
		};
		180980201C8EADFA00DFCCC5 /* PBXContainerItemProxy */ = {
			isa = PBXContainerItemProxy;
			containerPortal = 18097FF31C8EADF900DFCCC5 /* Project object */;
			proxyType = 1;
			remoteGlobalIDString = 18097FFA1C8EADF900DFCCC5;
			remoteInfo = Drawing;
		};
/* End PBXContainerItemProxy section */

/* Begin PBXFileReference section */
		18097FFB1C8EADF900DFCCC5 /* Drawing.app */ = {isa = PBXFileReference; explicitFileType = wrapper.application; includeInIndex = 0; path = Drawing.app; sourceTree = BUILT_PRODUCTS_DIR; };
		18097FFF1C8EADF900DFCCC5 /* main.m */ = {isa = PBXFileReference; lastKnownFileType = sourcecode.c.objc; path = main.m; sourceTree = "<group>"; };
		180980011C8EADF900DFCCC5 /* AppDelegate.h */ = {isa = PBXFileReference; lastKnownFileType = sourcecode.c.h; path = AppDelegate.h; sourceTree = "<group>"; };
		180980021C8EADF900DFCCC5 /* AppDelegate.m */ = {isa = PBXFileReference; lastKnownFileType = sourcecode.c.objc; path = AppDelegate.m; sourceTree = "<group>"; };
		180980041C8EADF900DFCCC5 /* ViewController.h */ = {isa = PBXFileReference; lastKnownFileType = sourcecode.c.h; path = ViewController.h; sourceTree = "<group>"; };
		180980051C8EADF900DFCCC5 /* ViewController.m */ = {isa = PBXFileReference; lastKnownFileType = sourcecode.c.objc; path = ViewController.m; sourceTree = "<group>"; };
		180980081C8EADF900DFCCC5 /* Base */ = {isa = PBXFileReference; lastKnownFileType = file.storyboard; name = Base; path = Base.lproj/Main.storyboard; sourceTree = "<group>"; };
		1809800A1C8EADF900DFCCC5 /* Assets.xcassets */ = {isa = PBXFileReference; lastKnownFileType = folder.assetcatalog; path = Assets.xcassets; sourceTree = "<group>"; };
		1809800D1C8EADF900DFCCC5 /* Base */ = {isa = PBXFileReference; lastKnownFileType = file.storyboard; name = Base; path = Base.lproj/LaunchScreen.storyboard; sourceTree = "<group>"; };
		1809800F1C8EADF900DFCCC5 /* Info.plist */ = {isa = PBXFileReference; lastKnownFileType = text.plist.xml; path = Info.plist; sourceTree = "<group>"; };
		180980141C8EADFA00DFCCC5 /* DrawingTests.xctest */ = {isa = PBXFileReference; explicitFileType = wrapper.cfbundle; includeInIndex = 0; path = DrawingTests.xctest; sourceTree = BUILT_PRODUCTS_DIR; };
		180980181C8EADFA00DFCCC5 /* DrawingTests.m */ = {isa = PBXFileReference; lastKnownFileType = sourcecode.c.objc; path = DrawingTests.m; sourceTree = "<group>"; };
		1809801A1C8EADFA00DFCCC5 /* Info.plist */ = {isa = PBXFileReference; lastKnownFileType = text.plist.xml; path = Info.plist; sourceTree = "<group>"; };
		1809801F1C8EADFA00DFCCC5 /* DrawingUITests.xctest */ = {isa = PBXFileReference; explicitFileType = wrapper.cfbundle; includeInIndex = 0; path = DrawingUITests.xctest; sourceTree = BUILT_PRODUCTS_DIR; };
		180980231C8EADFA00DFCCC5 /* DrawingUITests.m */ = {isa = PBXFileReference; lastKnownFileType = sourcecode.c.objc; path = DrawingUITests.m; sourceTree = "<group>"; };
		180980251C8EADFA00DFCCC5 /* Info.plist */ = {isa = PBXFileReference; lastKnownFileType = text.plist.xml; path = Info.plist; sourceTree = "<group>"; };
		180980341C8EB05F00DFCCC5 /* QuartzCore.framework */ = {isa = PBXFileReference; lastKnownFileType = wrapper.framework; name = QuartzCore.framework; path = System/Library/Frameworks/QuartzCore.framework; sourceTree = SDKROOT; };
		180980361C8EB06D00DFCCC5 /* CoreGraphics.framework */ = {isa = PBXFileReference; lastKnownFileType = wrapper.framework; name = CoreGraphics.framework; path = System/Library/Frameworks/CoreGraphics.framework; sourceTree = SDKROOT; };
		180980381C8EC38F00DFCCC5 /* Line.h */ = {isa = PBXFileReference; fileEncoding = 4; lastKnownFileType = sourcecode.c.h; path = Line.h; sourceTree = "<group>"; };
		180980391C8EC38F00DFCCC5 /* Line.m */ = {isa = PBXFileReference; fileEncoding = 4; lastKnownFileType = sourcecode.c.objc; path = Line.m; sourceTree = "<group>"; };
		1809803A1C8EC38F00DFCCC5 /* TouchDrawView.h */ = {isa = PBXFileReference; fileEncoding = 4; lastKnownFileType = sourcecode.c.h; path = TouchDrawView.h; sourceTree = "<group>"; };
		1809803B1C8EC38F00DFCCC5 /* TouchDrawView.m */ = {isa = PBXFileReference; fileEncoding = 4; lastKnownFileType = sourcecode.c.objc; path = TouchDrawView.m; sourceTree = "<group>"; };
		180980411C8ECBDF00DFCCC5 /* imageviewcontroller.h */ = {isa = PBXFileReference; fileEncoding = 4; lastKnownFileType = sourcecode.c.h; path = imageviewcontroller.h; sourceTree = "<group>"; };
		180980421C8ECBDF00DFCCC5 /* imageviewcontroller.m */ = {isa = PBXFileReference; fileEncoding = 4; lastKnownFileType = sourcecode.c.objc; path = imageviewcontroller.m; sourceTree = "<group>"; };
		180980431C8ECBDF00DFCCC5 /* imageviewcontroller.xib */ = {isa = PBXFileReference; fileEncoding = 4; lastKnownFileType = file.xib; path = imageviewcontroller.xib; sourceTree = "<group>"; };
/* End PBXFileReference section */

/* Begin PBXFrameworksBuildPhase section */
		18097FF81C8EADF900DFCCC5 /* Frameworks */ = {
			isa = PBXFrameworksBuildPhase;
			buildActionMask = 2147483647;
			files = (
				180980371C8EB06D00DFCCC5 /* CoreGraphics.framework in Frameworks */,
				180980351C8EB06000DFCCC5 /* QuartzCore.framework in Frameworks */,
			);
			runOnlyForDeploymentPostprocessing = 0;
		};
		180980111C8EADFA00DFCCC5 /* Frameworks */ = {
			isa = PBXFrameworksBuildPhase;
			buildActionMask = 2147483647;
			files = (
			);
			runOnlyForDeploymentPostprocessing = 0;
		};
		1809801C1C8EADFA00DFCCC5 /* Frameworks */ = {
			isa = PBXFrameworksBuildPhase;
			buildActionMask = 2147483647;
			files = (
			);
			runOnlyForDeploymentPostprocessing = 0;
		};
/* End PBXFrameworksBuildPhase section */

/* Begin PBXGroup section */
		18097FF21C8EADF900DFCCC5 = {
			isa = PBXGroup;
			children = (
				180980361C8EB06D00DFCCC5 /* CoreGraphics.framework */,
				180980341C8EB05F00DFCCC5 /* QuartzCore.framework */,
				18097FFD1C8EADF900DFCCC5 /* Drawing */,
				180980171C8EADFA00DFCCC5 /* DrawingTests */,
				180980221C8EADFA00DFCCC5 /* DrawingUITests */,
				18097FFC1C8EADF900DFCCC5 /* Products */,
			);
			sourceTree = "<group>";
		};
		18097FFC1C8EADF900DFCCC5 /* Products */ = {
			isa = PBXGroup;
			children = (
				18097FFB1C8EADF900DFCCC5 /* Drawing.app */,
				180980141C8EADFA00DFCCC5 /* DrawingTests.xctest */,
				1809801F1C8EADFA00DFCCC5 /* DrawingUITests.xctest */,
			);
			name = Products;
			sourceTree = "<group>";
		};
		18097FFD1C8EADF900DFCCC5 /* Drawing */ = {
			isa = PBXGroup;
			children = (
				180980011C8EADF900DFCCC5 /* AppDelegate.h */,
				180980021C8EADF900DFCCC5 /* AppDelegate.m */,
				180980041C8EADF900DFCCC5 /* ViewController.h */,
				180980051C8EADF900DFCCC5 /* ViewController.m */,
				180980411C8ECBDF00DFCCC5 /* imageviewcontroller.h */,
				180980421C8ECBDF00DFCCC5 /* imageviewcontroller.m */,
				180980431C8ECBDF00DFCCC5 /* imageviewcontroller.xib */,
				180980381C8EC38F00DFCCC5 /* Line.h */,
				180980391C8EC38F00DFCCC5 /* Line.m */,
				1809803A1C8EC38F00DFCCC5 /* TouchDrawView.h */,
				1809803B1C8EC38F00DFCCC5 /* TouchDrawView.m */,
				180980071C8EADF900DFCCC5 /* Main.storyboard */,
				1809800A1C8EADF900DFCCC5 /* Assets.xcassets */,
				1809800C1C8EADF900DFCCC5 /* LaunchScreen.storyboard */,
				1809800F1C8EADF900DFCCC5 /* Info.plist */,
				18097FFE1C8EADF900DFCCC5 /* Supporting Files */,
			);
			path = Drawing;
			sourceTree = "<group>";
		};
		18097FFE1C8EADF900DFCCC5 /* Supporting Files */ = {
			isa = PBXGroup;
			children = (
				18097FFF1C8EADF900DFCCC5 /* main.m */,
			);
			name = "Supporting Files";
			sourceTree = "<group>";
		};
		180980171C8EADFA00DFCCC5 /* DrawingTests */ = {
			isa = PBXGroup;
			children = (
				180980181C8EADFA00DFCCC5 /* DrawingTests.m */,
				1809801A1C8EADFA00DFCCC5 /* Info.plist */,
			);
			path = DrawingTests;
			sourceTree = "<group>";
		};
		180980221C8EADFA00DFCCC5 /* DrawingUITests */ = {
			isa = PBXGroup;
			children = (
				180980231C8EADFA00DFCCC5 /* DrawingUITests.m */,
				180980251C8EADFA00DFCCC5 /* Info.plist */,
			);
			path = DrawingUITests;
			sourceTree = "<group>";
		};
/* End PBXGroup section */

/* Begin PBXNativeTarget section */
		18097FFA1C8EADF900DFCCC5 /* Drawing */ = {
			isa = PBXNativeTarget;
			buildConfigurationList = 180980281C8EADFA00DFCCC5 /* Build configuration list for PBXNativeTarget "Drawing" */;
			buildPhases = (
				18097FF71C8EADF900DFCCC5 /* Sources */,
				18097FF81C8EADF900DFCCC5 /* Frameworks */,
				18097FF91C8EADF900DFCCC5 /* Resources */,
			);
			buildRules = (
			);
			dependencies = (
			);
			name = Drawing;
			productName = Drawing;
			productReference = 18097FFB1C8EADF900DFCCC5 /* Drawing.app */;
			productType = "com.apple.product-type.application";
		};
		180980131C8EADFA00DFCCC5 /* DrawingTests */ = {
			isa = PBXNativeTarget;
			buildConfigurationList = 1809802B1C8EADFA00DFCCC5 /* Build configuration list for PBXNativeTarget "DrawingTests" */;
			buildPhases = (
				180980101C8EADFA00DFCCC5 /* Sources */,
				180980111C8EADFA00DFCCC5 /* Frameworks */,
				180980121C8EADFA00DFCCC5 /* Resources */,
			);
			buildRules = (
			);
			dependencies = (
				180980161C8EADFA00DFCCC5 /* PBXTargetDependency */,
			);
			name = DrawingTests;
			productName = DrawingTests;
			productReference = 180980141C8EADFA00DFCCC5 /* DrawingTests.xctest */;
			productType = "com.apple.product-type.bundle.unit-test";
		};
		1809801E1C8EADFA00DFCCC5 /* DrawingUITests */ = {
			isa = PBXNativeTarget;
			buildConfigurationList = 1809802E1C8EADFA00DFCCC5 /* Build configuration list for PBXNativeTarget "DrawingUITests" */;
			buildPhases = (
				1809801B1C8EADFA00DFCCC5 /* Sources */,
				1809801C1C8EADFA00DFCCC5 /* Frameworks */,
				1809801D1C8EADFA00DFCCC5 /* Resources */,
			);
			buildRules = (
			);
			dependencies = (
				180980211C8EADFA00DFCCC5 /* PBXTargetDependency */,
			);
			name = DrawingUITests;
			productName = DrawingUITests;
			productReference = 1809801F1C8EADFA00DFCCC5 /* DrawingUITests.xctest */;
			productType = "com.apple.product-type.bundle.ui-testing";
		};
/* End PBXNativeTarget section */

/* Begin PBXProject section */
		18097FF31C8EADF900DFCCC5 /* Project object */ = {
			isa = PBXProject;
			attributes = {
				LastUpgradeCheck = 0720;
				ORGANIZATIONNAME = apple;
				TargetAttributes = {
					18097FFA1C8EADF900DFCCC5 = {
						CreatedOnToolsVersion = 7.2;
					};
					180980131C8EADFA00DFCCC5 = {
						CreatedOnToolsVersion = 7.2;
						TestTargetID = 18097FFA1C8EADF900DFCCC5;
					};
					1809801E1C8EADFA00DFCCC5 = {
						CreatedOnToolsVersion = 7.2;
						TestTargetID = 18097FFA1C8EADF900DFCCC5;
					};
				};
			};
			buildConfigurationList = 18097FF61C8EADF900DFCCC5 /* Build configuration list for PBXProject "Drawing" */;
			compatibilityVersion = "Xcode 3.2";
			developmentRegion = English;
			hasScannedForEncodings = 0;
			knownRegions = (
				en,
				Base,
			);
			mainGroup = 18097FF21C8EADF900DFCCC5;
			productRefGroup = 18097FFC1C8EADF900DFCCC5 /* Products */;
			projectDirPath = "";
			projectRoot = "";
			targets = (
				18097FFA1C8EADF900DFCCC5 /* Drawing */,
				180980131C8EADFA00DFCCC5 /* DrawingTests */,
				1809801E1C8EADFA00DFCCC5 /* DrawingUITests */,
			);
		};
/* End PBXProject section */

/* Begin PBXResourcesBuildPhase section */
		18097FF91C8EADF900DFCCC5 /* Resources */ = {
			isa = PBXResourcesBuildPhase;
			buildActionMask = 2147483647;
			files = (
				1809800E1C8EADF900DFCCC5 /* LaunchScreen.storyboard in Resources */,
				1809800B1C8EADF900DFCCC5 /* Assets.xcassets in Resources */,
				180980451C8ECBDF00DFCCC5 /* imageviewcontroller.xib in Resources */,
				180980091C8EADF900DFCCC5 /* Main.storyboard in Resources */,
			);
			runOnlyForDeploymentPostprocessing = 0;
		};
		180980121C8EADFA00DFCCC5 /* Resources */ = {
			isa = PBXResourcesBuildPhase;
			buildActionMask = 2147483647;
			files = (
			);
			runOnlyForDeploymentPostprocessing = 0;
		};
		1809801D1C8EADFA00DFCCC5 /* Resources */ = {
			isa = PBXResourcesBuildPhase;
			buildActionMask = 2147483647;
			files = (
			);
			runOnlyForDeploymentPostprocessing = 0;
		};
/* End PBXResourcesBuildPhase section */

/* Begin PBXSourcesBuildPhase section */
		18097FF71C8EADF900DFCCC5 /* Sources */ = {
			isa = PBXSourcesBuildPhase;
			buildActionMask = 2147483647;
			files = (
				1809803C1C8EC38F00DFCCC5 /* Line.m in Sources */,
				180980061C8EADF900DFCCC5 /* ViewController.m in Sources */,
				180980441C8ECBDF00DFCCC5 /* imageviewcontroller.m in Sources */,
				1809803D1C8EC38F00DFCCC5 /* TouchDrawView.m in Sources */,
				180980031C8EADF900DFCCC5 /* AppDelegate.m in Sources */,
				180980001C8EADF900DFCCC5 /* main.m in Sources */,
			);
			runOnlyForDeploymentPostprocessing = 0;
		};
		180980101C8EADFA00DFCCC5 /* Sources */ = {
			isa = PBXSourcesBuildPhase;
			buildActionMask = 2147483647;
			files = (
				180980191C8EADFA00DFCCC5 /* DrawingTests.m in Sources */,
			);
			runOnlyForDeploymentPostprocessing = 0;
		};
		1809801B1C8EADFA00DFCCC5 /* Sources */ = {
			isa = PBXSourcesBuildPhase;
			buildActionMask = 2147483647;
			files = (
				180980241C8EADFA00DFCCC5 /* DrawingUITests.m in Sources */,
			);
			runOnlyForDeploymentPostprocessing = 0;
		};
/* End PBXSourcesBuildPhase section */

/* Begin PBXTargetDependency section */
		180980161C8EADFA00DFCCC5 /* PBXTargetDependency */ = {
			isa = PBXTargetDependency;
			target = 18097FFA1C8EADF900DFCCC5 /* Drawing */;
			targetProxy = 180980151C8EADFA00DFCCC5 /* PBXContainerItemProxy */;
		};
		180980211C8EADFA00DFCCC5 /* PBXTargetDependency */ = {
			isa = PBXTargetDependency;
			target = 18097FFA1C8EADF900DFCCC5 /* Drawing */;
			targetProxy = 180980201C8EADFA00DFCCC5 /* PBXContainerItemProxy */;
		};
/* End PBXTargetDependency section */

/* Begin PBXVariantGroup section */
		180980071C8EADF900DFCCC5 /* Main.storyboard */ = {
			isa = PBXVariantGroup;
			children = (
				180980081C8EADF900DFCCC5 /* Base */,
			);
			name = Main.storyboard;
			sourceTree = "<group>";
		};
		1809800C1C8EADF900DFCCC5 /* LaunchScreen.storyboard */ = {
			isa = PBXVariantGroup;
			children = (
				1809800D1C8EADF900DFCCC5 /* Base */,
			);
			name = LaunchScreen.storyboard;
			sourceTree = "<group>";
		};
/* End PBXVariantGroup section */

/* Begin XCBuildConfiguration section */
		180980261C8EADFA00DFCCC5 /* Debug */ = {
			isa = XCBuildConfiguration;
			buildSettings = {
				ALWAYS_SEARCH_USER_PATHS = NO;
				CLANG_CXX_LANGUAGE_STANDARD = "gnu++0x";
				CLANG_CXX_LIBRARY = "libc++";
				CLANG_ENABLE_MODULES = YES;
				CLANG_ENABLE_OBJC_ARC = YES;
				CLANG_WARN_BOOL_CONVERSION = YES;
				CLANG_WARN_CONSTANT_CONVERSION = YES;
				CLANG_WARN_DIRECT_OBJC_ISA_USAGE = YES_ERROR;
				CLANG_WARN_EMPTY_BODY = YES;
				CLANG_WARN_ENUM_CONVERSION = YES;
				CLANG_WARN_INT_CONVERSION = YES;
				CLANG_WARN_OBJC_ROOT_CLASS = YES_ERROR;
				CLANG_WARN_UNREACHABLE_CODE = YES;
				CLANG_WARN__DUPLICATE_METHOD_MATCH = YES;
				"CODE_SIGN_IDENTITY[sdk=iphoneos*]" = "iPhone Developer";
				COPY_PHASE_STRIP = NO;
				DEBUG_INFORMATION_FORMAT = dwarf;
				ENABLE_STRICT_OBJC_MSGSEND = YES;
				ENABLE_TESTABILITY = YES;
				GCC_C_LANGUAGE_STANDARD = gnu99;
				GCC_DYNAMIC_NO_PIC = NO;
				GCC_NO_COMMON_BLOCKS = YES;
				GCC_OPTIMIZATION_LEVEL = 0;
				GCC_PREPROCESSOR_DEFINITIONS = (
					"DEBUG=1",
					"$(inherited)",
				);
				GCC_WARN_64_TO_32_BIT_CONVERSION = YES;
				GCC_WARN_ABOUT_RETURN_TYPE = YES_ERROR;
				GCC_WARN_UNDECLARED_SELECTOR = YES;
				GCC_WARN_UNINITIALIZED_AUTOS = YES_AGGRESSIVE;
				GCC_WARN_UNUSED_FUNCTION = YES;
				GCC_WARN_UNUSED_VARIABLE = YES;
				IPHONEOS_DEPLOYMENT_TARGET = 9.2;
				MTL_ENABLE_DEBUG_INFO = YES;
				ONLY_ACTIVE_ARCH = YES;
				SDKROOT = iphoneos;
			};
			name = Debug;
		};
		180980271C8EADFA00DFCCC5 /* Release */ = {
			isa = XCBuildConfiguration;
			buildSettings = {
				ALWAYS_SEARCH_USER_PATHS = NO;
				CLANG_CXX_LANGUAGE_STANDARD = "gnu++0x";
				CLANG_CXX_LIBRARY = "libc++";
				CLANG_ENABLE_MODULES = YES;
				CLANG_ENABLE_OBJC_ARC = YES;
				CLANG_WARN_BOOL_CONVERSION = YES;
				CLANG_WARN_CONSTANT_CONVERSION = YES;
				CLANG_WARN_DIRECT_OBJC_ISA_USAGE = YES_ERROR;
				CLANG_WARN_EMPTY_BODY = YES;
				CLANG_WARN_ENUM_CONVERSION = YES;
				CLANG_WARN_INT_CONVERSION = YES;
				CLANG_WARN_OBJC_ROOT_CLASS = YES_ERROR;
				CLANG_WARN_UNREACHABLE_CODE = YES;
				CLANG_WARN__DUPLICATE_METHOD_MATCH = YES;
				"CODE_SIGN_IDENTITY[sdk=iphoneos*]" = "iPhone Developer";
				COPY_PHASE_STRIP = NO;
				DEBUG_INFORMATION_FORMAT = "dwarf-with-dsym";
				ENABLE_NS_ASSERTIONS = NO;
				ENABLE_STRICT_OBJC_MSGSEND = YES;
				GCC_C_LANGUAGE_STANDARD = gnu99;
				GCC_NO_COMMON_BLOCKS = YES;
				GCC_WARN_64_TO_32_BIT_CONVERSION = YES;
				GCC_WARN_ABOUT_RETURN_TYPE = YES_ERROR;
				GCC_WARN_UNDECLARED_SELECTOR = YES;
				GCC_WARN_UNINITIALIZED_AUTOS = YES_AGGRESSIVE;
				GCC_WARN_UNUSED_FUNCTION = YES;
				GCC_WARN_UNUSED_VARIABLE = YES;
				IPHONEOS_DEPLOYMENT_TARGET = 9.2;
				MTL_ENABLE_DEBUG_INFO = NO;
				SDKROOT = iphoneos;
				VALIDATE_PRODUCT = YES;
			};
			name = Release;
		};
		180980291C8EADFA00DFCCC5 /* Debug */ = {
			isa = XCBuildConfiguration;
			buildSettings = {
				ASSETCATALOG_COMPILER_APPICON_NAME = AppIcon;
				INFOPLIST_FILE = Drawing/Info.plist;
				LD_RUNPATH_SEARCH_PATHS = "$(inherited) @executable_path/Frameworks";
				PRODUCT_BUNDLE_IDENTIFIER = cn.duc.Drawing;
				PRODUCT_NAME = "$(TARGET_NAME)";
			};
			name = Debug;
		};
		1809802A1C8EADFA00DFCCC5 /* Release */ = {
			isa = XCBuildConfiguration;
			buildSettings = {
				ASSETCATALOG_COMPILER_APPICON_NAME = AppIcon;
				INFOPLIST_FILE = Drawing/Info.plist;
				LD_RUNPATH_SEARCH_PATHS = "$(inherited) @executable_path/Frameworks";
				PRODUCT_BUNDLE_IDENTIFIER = cn.duc.Drawing;
				PRODUCT_NAME = "$(TARGET_NAME)";
			};
			name = Release;
		};
		1809802C1C8EADFA00DFCCC5 /* Debug */ = {
			isa = XCBuildConfiguration;
			buildSettings = {
				BUNDLE_LOADER = "$(TEST_HOST)";
				INFOPLIST_FILE = DrawingTests/Info.plist;
				LD_RUNPATH_SEARCH_PATHS = "$(inherited) @executable_path/Frameworks @loader_path/Frameworks";
				PRODUCT_BUNDLE_IDENTIFIER = cn.duc.DrawingTests;
				PRODUCT_NAME = "$(TARGET_NAME)";
				TEST_HOST = "$(BUILT_PRODUCTS_DIR)/Drawing.app/Drawing";
			};
			name = Debug;
		};
		1809802D1C8EADFA00DFCCC5 /* Release */ = {
			isa = XCBuildConfiguration;
			buildSettings = {
				BUNDLE_LOADER = "$(TEST_HOST)";
				INFOPLIST_FILE = DrawingTests/Info.plist;
				LD_RUNPATH_SEARCH_PATHS = "$(inherited) @executable_path/Frameworks @loader_path/Frameworks";
				PRODUCT_BUNDLE_IDENTIFIER = cn.duc.DrawingTests;
				PRODUCT_NAME = "$(TARGET_NAME)";
				TEST_HOST = "$(BUILT_PRODUCTS_DIR)/Drawing.app/Drawing";
			};
			name = Release;
		};
		1809802F1C8EADFA00DFCCC5 /* Debug */ = {
			isa = XCBuildConfiguration;
			buildSettings = {
				INFOPLIST_FILE = DrawingUITests/Info.plist;
				LD_RUNPATH_SEARCH_PATHS = "$(inherited) @executable_path/Frameworks @loader_path/Frameworks";
				PRODUCT_BUNDLE_IDENTIFIER = cn.duc.DrawingUITests;
				PRODUCT_NAME = "$(TARGET_NAME)";
				TEST_TARGET_NAME = Drawing;
				USES_XCTRUNNER = YES;
			};
			name = Debug;
		};
		180980301C8EADFA00DFCCC5 /* Release */ = {
			isa = XCBuildConfiguration;
			buildSettings = {
				INFOPLIST_FILE = DrawingUITests/Info.plist;
				LD_RUNPATH_SEARCH_PATHS = "$(inherited) @executable_path/Frameworks @loader_path/Frameworks";
				PRODUCT_BUNDLE_IDENTIFIER = cn.duc.DrawingUITests;
				PRODUCT_NAME = "$(TARGET_NAME)";
				TEST_TARGET_NAME = Drawing;
				USES_XCTRUNNER = YES;
			};
			name = Release;
		};
/* End XCBuildConfiguration section */

/* Begin XCConfigurationList section */
		18097FF61C8EADF900DFCCC5 /* Build configuration list for PBXProject "Drawing" */ = {
			isa = XCConfigurationList;
			buildConfigurations = (
				180980261C8EADFA00DFCCC5 /* Debug */,
				180980271C8EADFA00DFCCC5 /* Release */,
			);
			defaultConfigurationIsVisible = 0;
			defaultConfigurationName = Release;
		};
		180980281C8EADFA00DFCCC5 /* Build configuration list for PBXNativeTarget "Drawing" */ = {
			isa = XCConfigurationList;
			buildConfigurations = (
				180980291C8EADFA00DFCCC5 /* Debug */,
				1809802A1C8EADFA00DFCCC5 /* Release */,
			);
			defaultConfigurationIsVisible = 0;
		};
		1809802B1C8EADFA00DFCCC5 /* Build configuration list for PBXNativeTarget "DrawingTests" */ = {
			isa = XCConfigurationList;
			buildConfigurations = (
				1809802C1C8EADFA00DFCCC5 /* Debug */,
				1809802D1C8EADFA00DFCCC5 /* Release */,
			);
			defaultConfigurationIsVisible = 0;
		};
		1809802E1C8EADFA00DFCCC5 /* Build configuration list for PBXNativeTarget "DrawingUITests" */ = {
			isa = XCConfigurationList;
			buildConfigurations = (
				1809802F1C8EADFA00DFCCC5 /* Debug */,
				180980301C8EADFA00DFCCC5 /* Release */,
			);
			defaultConfigurationIsVisible = 0;
		};
/* End XCConfigurationList section */
	};
	rootObject = 18097FF31C8EADF900DFCCC5 /* Project object */;
}
